load_data_stage:
  cmd: python -m src.pipelines.load_data --config=config/params.yaml
  deps:
  - path: src/data/load.py
    md5: 0a5f96acb043c689f0ed53ec95c89c91
    size: 435
  - path: src/data/process.py
    md5: 50961f7de0d85f0141cff8623921318a
    size: 908
  - path: src/utils/logging.py
    md5: 65c8fc45ee7ec9baf85c1aa9050b27ed
    size: 1059
  params:
    config/params.yaml:
      base:
        project_dir: .
        random_state: 42
        log_level: DEBUG
        exp_name: Experiment 1
      data_load:
        target: data/raw/target.feather
        dataset: data/raw/user_features.feather
        target_processed: data/processed/target.feather
        dataset_processed: data/processed/user_features.feather
featurize_stage:
  cmd: python -m src.pipelines.featurize --config=config/params.yaml
  deps:
  - path: src/data/load.py
    md5: 0a5f96acb043c689f0ed53ec95c89c91
    size: 435
  - path: src/data/process.py
    md5: 50961f7de0d85f0141cff8623921318a
    size: 908
  - path: src/utils/logging.py
    md5: 65c8fc45ee7ec9baf85c1aa9050b27ed
    size: 1059
  params:
    config/params.yaml:
      base:
        project_dir: .
        random_state: 42
        log_level: DEBUG
        exp_name: Experiment 1
      featurize:
        features_path: data/processed/features.feather
        categories:
        - feature_17
        - feature_21
        - feature_11
        - feature_16
        - feature_22
train_stage:
  cmd: python -m src.pipelines.train --config=config/params.yaml
  deps:
  - path: src/evaluate/metrics.py
    md5: ecffe3e3bf09221a0705262caec223d1
    size: 3999
  - path: src/train/train.py
    md5: bb22e2e541db94bb1fe279fad01c61e0
    size: 2292
  - path: src/utils/logging.py
    md5: 65c8fc45ee7ec9baf85c1aa9050b27ed
    size: 1059
  params:
    config/params.yaml:
      base:
        project_dir: .
        random_state: 42
        log_level: DEBUG
        exp_name: Experiment 1
      featurize.features_path: data/processed/features.feather
      train:
        estimator: catboost
        catboost_params:
          iterations: 30
          thread_count: 50
          has_time: true
          depth: 6
          learning_rate: 0.15
          allow_writing_files: false
        top_K_coef: 0.05
        model_path: models/model.joblib
        train_metrics: reports/train_metrics.json
        train_metrics_path: reports/train_metrics.json
        train_metrics_png: reports/train_metrics.png
        train_plots_path: reports/train_plots.csv
        raw_metrics_path: reports/raw_metrics.csv
        encoder_path: models/encoder.pickle
  outs:
  - path: models/model.joblib
    md5: 63a31e47fe940d6217a12ddfae3b4071
    size: 43909
  - path: reports/raw_metrics.csv
    md5: 15bc8b78cfddfbcd9de8e55daaab150f
    size: 253
  - path: reports/train_metrics.json
    md5: 1b23508d79d170e14bbc5830c6b0899c
    size: 448
log_metrics:
  cmd: python -m src.pipelines.log_metrics --config=config/params.yaml
  deps:
  - path: data/processed/features.feather
    md5: 60252c4d3b15ae011aa1ab373dd13fa1
    size: 132405874
  - path: models/model.joblib
    md5: 63a31e47fe940d6217a12ddfae3b4071
    size: 43909
  - path: reports/raw_metrics.csv
    md5: 15bc8b78cfddfbcd9de8e55daaab150f
    size: 253
  - path: reports/train_metrics.json
    md5: 1b23508d79d170e14bbc5830c6b0899c
    size: 448
  params:
    config/params.yaml:
      log_metrics:
        mlflow_report_path: reports/mlflow_report.md
      train:
        estimator: catboost
        catboost_params:
          iterations: 30
          thread_count: 50
          has_time: true
          depth: 6
          learning_rate: 0.15
          allow_writing_files: false
        top_K_coef: 0.05
        model_path: models/model.joblib
        train_metrics: reports/train_metrics.json
        train_metrics_path: reports/train_metrics.json
        train_metrics_png: reports/train_metrics.png
        train_plots_path: reports/train_plots.csv
        raw_metrics_path: reports/raw_metrics.csv
        encoder_path: models/encoder.pickle
  outs:
  - path: reports/mlflow_report.md
    md5: cfb469d90983e94292d6a22504e1518b
    size: 91
